// !$*UTF8*$!
{
	archiveVersion = 1;
	classes = {
	};
	objectVersion = 46;
	objects = {

/* Begin PBXBuildFile section */
		2206265F1A1E330400A45150 /* main.m in Sources */ = {isa = PBXBuildFile; fileRef = 2206265E1A1E330400A45150 /* main.m */; };
		220626681A1E330400A45150 /* Main.storyboard in Resources */ = {isa = PBXBuildFile; fileRef = 220626661A1E330400A45150 /* Main.storyboard */; };
		2206266A1A1E330400A45150 /* Images.xcassets in Resources */ = {isa = PBXBuildFile; fileRef = 220626691A1E330400A45150 /* Images.xcassets */; };
		220626881A1E345E00A45150 /* AAPLAppDelegate.m in Sources */ = {isa = PBXBuildFile; fileRef = 220626831A1E345E00A45150 /* AAPLAppDelegate.m */; };
		220626891A1E345E00A45150 /* AAPLPreviewView.m in Sources */ = {isa = PBXBuildFile; fileRef = 220626851A1E345E00A45150 /* AAPLPreviewView.m */; };
		2206268A1A1E345E00A45150 /* AAPLCameraViewController.m in Sources */ = {isa = PBXBuildFile; fileRef = 220626871A1E345E00A45150 /* AAPLCameraViewController.m */; };
		660CC1F2258673D1007A8C5D /* bg_iphone12_max.png in Resources */ = {isa = PBXBuildFile; fileRef = 660CC1F1258673D1007A8C5D /* bg_iphone12_max.png */; };
		6618E880272C058D00CFC449 /* bg_iphone13.png in Resources */ = {isa = PBXBuildFile; fileRef = 6618E87F272C058D00CFC449 /* bg_iphone13.png */; };
		662225C91CCBCA4E001BE988 /* bg_iphone6.png.bak in Resources */ = {isa = PBXBuildFile; fileRef = 662225C81CCBCA4E001BE988 /* bg_iphone6.png.bak */; };
		664CA43422C2450C0094DAD6 /* bg_iphonexr.png in Resources */ = {isa = PBXBuildFile; fileRef = 664CA43322C2450C0094DAD6 /* bg_iphonexr.png */; };
		664E33B3215F9DE700E21B45 /* bg_iphonexs.png in Resources */ = {isa = PBXBuildFile; fileRef = 664E33B2215F9DE700E21B45 /* bg_iphonexs.png */; };
		6658014E1C255923005AFBD3 /* mask@2x.png in Resources */ = {isa = PBXBuildFile; fileRef = 6658014D1C255923005AFBD3 /* mask@2x.png */; };
		665801511C29150C005AFBD3 /* CaptureVideosViewController.m in Sources */ = {isa = PBXBuildFile; fileRef = 665801501C29150C005AFBD3 /* CaptureVideosViewController.m */; };
		6658019E1C2C20F9005AFBD3 /* VideoPlayerViewController.m in Sources */ = {isa = PBXBuildFile; fileRef = 6658019D1C2C20F9005AFBD3 /* VideoPlayerViewController.m */; };
		665C04812547FC290050856B /* bg_iphone12.png in Resources */ = {isa = PBXBuildFile; fileRef = 665C04802547FC290050856B /* bg_iphone12.png */; };
		6698532D26FD06B500C798B0 /* bg_iphone12_mini.png in Resources */ = {isa = PBXBuildFile; fileRef = 6698532C26FD06B500C798B0 /* bg_iphone12_mini.png */; };
		66B283F821CBB7C800BBF8E5 /* bg_iphone6.png in Resources */ = {isa = PBXBuildFile; fileRef = 66B283F721CBB7C800BBF8E5 /* bg_iphone6.png */; };
		66CB8B382A795F8E008B6F2D /* bg_iphone14_max.png in Resources */ = {isa = PBXBuildFile; fileRef = 66CB8B372A795F8D008B6F2D /* bg_iphone14_max.png */; };
		66F5BC811DB50B0D0087A2BA /* bg_iphone6_plus.png in Resources */ = {isa = PBXBuildFile; fileRef = 66F5BC801DB50B0D0087A2BA /* bg_iphone6_plus.png */; };
		66F5BC831DB50CA90087A2BA /* bg_iphone5.png in Resources */ = {isa = PBXBuildFile; fileRef = 66F5BC821DB50CA90087A2BA /* bg_iphone5.png */; };
		66FA2DCF21622E1900E71F73 /* bg_iphonexs_max.png in Resources */ = {isa = PBXBuildFile; fileRef = 66FA2DCE21622E1900E71F73 /* bg_iphonexs_max.png */; };
		66FB1740274E98D60096985A /* bg_iphone13_max.png in Resources */ = {isa = PBXBuildFile; fileRef = 66FB173F274E98D60096985A /* bg_iphone13_max.png */; };
/* End PBXBuildFile section */

/* Begin PBXFileReference section */
		220626591A1E330400A45150 /* AVCam.app */ = {isa = PBXFileReference; explicitFileType = wrapper.application; includeInIndex = 0; path = AVCam.app; sourceTree = BUILT_PRODUCTS_DIR; };
		2206265D1A1E330400A45150 /* Info.plist */ = {isa = PBXFileReference; lastKnownFileType = text.plist.xml; path = Info.plist; sourceTree = "<group>"; };
		2206265E1A1E330400A45150 /* main.m */ = {isa = PBXFileReference; lastKnownFileType = sourcecode.c.objc; path = main.m; sourceTree = "<group>"; };
		220626671A1E330400A45150 /* Base */ = {isa = PBXFileReference; lastKnownFileType = file.storyboard; name = Base; path = Base.lproj/Main.storyboard; sourceTree = "<group>"; };
		220626691A1E330400A45150 /* Images.xcassets */ = {isa = PBXFileReference; lastKnownFileType = folder.assetcatalog; path = Images.xcassets; sourceTree = "<group>"; };
		220626821A1E345E00A45150 /* AAPLAppDelegate.h */ = {isa = PBXFileReference; fileEncoding = 4; lastKnownFileType = sourcecode.c.h; path = AAPLAppDelegate.h; sourceTree = "<group>"; };
		220626831A1E345E00A45150 /* AAPLAppDelegate.m */ = {isa = PBXFileReference; fileEncoding = 4; lastKnownFileType = sourcecode.c.objc; path = AAPLAppDelegate.m; sourceTree = "<group>"; };
		220626841A1E345E00A45150 /* AAPLPreviewView.h */ = {isa = PBXFileReference; fileEncoding = 4; lastKnownFileType = sourcecode.c.h; path = AAPLPreviewView.h; sourceTree = "<group>"; };
		220626851A1E345E00A45150 /* AAPLPreviewView.m */ = {isa = PBXFileReference; fileEncoding = 4; lastKnownFileType = sourcecode.c.objc; path = AAPLPreviewView.m; sourceTree = "<group>"; };
		220626861A1E345E00A45150 /* AAPLCameraViewController.h */ = {isa = PBXFileReference; fileEncoding = 4; lastKnownFileType = sourcecode.c.h; path = AAPLCameraViewController.h; sourceTree = "<group>"; };
		220626871A1E345E00A45150 /* AAPLCameraViewController.m */ = {isa = PBXFileReference; fileEncoding = 4; lastKnownFileType = sourcecode.c.objc; path = AAPLCameraViewController.m; sourceTree = "<group>"; };
		22CA31B91B0250C300D2DE70 /* README.md */ = {isa = PBXFileReference; fileEncoding = 4; lastKnownFileType = net.daringfireball.markdown; path = README.md; sourceTree = "<group>"; };
		660CC1F1258673D1007A8C5D /* bg_iphone12_max.png */ = {isa = PBXFileReference; lastKnownFileType = image.png; path = bg_iphone12_max.png; sourceTree = "<group>"; };
		6618E87F272C058D00CFC449 /* bg_iphone13.png */ = {isa = PBXFileReference; lastKnownFileType = image.png; path = bg_iphone13.png; sourceTree = "<group>"; };
		662225C81CCBCA4E001BE988 /* bg_iphone6.png.bak */ = {isa = PBXFileReference; lastKnownFileType = file; path = bg_iphone6.png.bak; sourceTree = "<group>"; };
		664CA43322C2450C0094DAD6 /* bg_iphonexr.png */ = {isa = PBXFileReference; lastKnownFileType = image.png; path = bg_iphonexr.png; sourceTree = "<group>"; };
		664E33B2215F9DE700E21B45 /* bg_iphonexs.png */ = {isa = PBXFileReference; lastKnownFileType = image.png; path = bg_iphonexs.png; sourceTree = "<group>"; };
		6658014D1C255923005AFBD3 /* mask@2x.png */ = {isa = PBXFileReference; lastKnownFileType = image.png; path = "mask@2x.png"; sourceTree = "<group>"; };
		6658014F1C29150C005AFBD3 /* CaptureVideosViewController.h */ = {isa = PBXFileReference; fileEncoding = 4; lastKnownFileType = sourcecode.c.h; path = CaptureVideosViewController.h; sourceTree = "<group>"; };
		665801501C29150C005AFBD3 /* CaptureVideosViewController.m */ = {isa = PBXFileReference; fileEncoding = 4; lastKnownFileType = sourcecode.c.objc; path = CaptureVideosViewController.m; sourceTree = "<group>"; };
		6658019C1C2C20F9005AFBD3 /* VideoPlayerViewController.h */ = {isa = PBXFileReference; fileEncoding = 4; lastKnownFileType = sourcecode.c.h; path = VideoPlayerViewController.h; sourceTree = "<group>"; };
		6658019D1C2C20F9005AFBD3 /* VideoPlayerViewController.m */ = {isa = PBXFileReference; fileEncoding = 4; lastKnownFileType = sourcecode.c.objc; path = VideoPlayerViewController.m; sourceTree = "<group>"; };
		665C04802547FC290050856B /* bg_iphone12.png */ = {isa = PBXFileReference; lastKnownFileType = image.png; path = bg_iphone12.png; sourceTree = "<group>"; };
		6698532C26FD06B500C798B0 /* bg_iphone12_mini.png */ = {isa = PBXFileReference; lastKnownFileType = image.png; path = bg_iphone12_mini.png; sourceTree = "<group>"; };
		66B283F721CBB7C800BBF8E5 /* bg_iphone6.png */ = {isa = PBXFileReference; lastKnownFileType = image.png; path = bg_iphone6.png; sourceTree = "<group>"; };
		66CB8B372A795F8D008B6F2D /* bg_iphone14_max.png */ = {isa = PBXFileReference; lastKnownFileType = image.png; path = bg_iphone14_max.png; sourceTree = "<group>"; };
		66F5BC801DB50B0D0087A2BA /* bg_iphone6_plus.png */ = {isa = PBXFileReference; lastKnownFileType = image.png; path = bg_iphone6_plus.png; sourceTree = "<group>"; };
		66F5BC821DB50CA90087A2BA /* bg_iphone5.png */ = {isa = PBXFileReference; lastKnownFileType = image.png; path = bg_iphone5.png; sourceTree = "<group>"; };
		66FA2DCE21622E1900E71F73 /* bg_iphonexs_max.png */ = {isa = PBXFileReference; lastKnownFileType = image.png; path = bg_iphonexs_max.png; sourceTree = "<group>"; };
		66FB173F274E98D60096985A /* bg_iphone13_max.png */ = {isa = PBXFileReference; lastKnownFileType = image.png; path = bg_iphone13_max.png; sourceTree = "<group>"; };
/* End PBXFileReference section */

/* Begin PBXFrameworksBuildPhase section */
		220626561A1E330400A45150 /* Frameworks */ = {
			isa = PBXFrameworksBuildPhase;
			buildActionMask = 2147483647;
			files = (
			);
			runOnlyForDeploymentPostprocessing = 0;
		};
/* End PBXFrameworksBuildPhase section */

/* Begin PBXGroup section */
		220626501A1E330400A45150 = {
			isa = PBXGroup;
			children = (
				22CA31B91B0250C300D2DE70 /* README.md */,
				2206265B1A1E330400A45150 /* AVCam */,
				2206265A1A1E330400A45150 /* Products */,
			);
			sourceTree = "<group>";
		};
		2206265A1A1E330400A45150 /* Products */ = {
			isa = PBXGroup;
			children = (
				220626591A1E330400A45150 /* AVCam.app */,
			);
			name = Products;
			sourceTree = "<group>";
		};
		2206265B1A1E330400A45150 /* AVCam */ = {
			isa = PBXGroup;
			children = (
				6652F1631BEC6C5A001F9177 /* image */,
				220626821A1E345E00A45150 /* AAPLAppDelegate.h */,
				220626831A1E345E00A45150 /* AAPLAppDelegate.m */,
				220626841A1E345E00A45150 /* AAPLPreviewView.h */,
				220626851A1E345E00A45150 /* AAPLPreviewView.m */,
				220626861A1E345E00A45150 /* AAPLCameraViewController.h */,
				220626871A1E345E00A45150 /* AAPLCameraViewController.m */,
				6658014F1C29150C005AFBD3 /* CaptureVideosViewController.h */,
				665801501C29150C005AFBD3 /* CaptureVideosViewController.m */,
				6658019C1C2C20F9005AFBD3 /* VideoPlayerViewController.h */,
				6658019D1C2C20F9005AFBD3 /* VideoPlayerViewController.m */,
				220626661A1E330400A45150 /* Main.storyboard */,
				2206265C1A1E330400A45150 /* Supporting Files */,
			);
			path = AVCam;
			sourceTree = "<group>";
		};
		2206265C1A1E330400A45150 /* Supporting Files */ = {
			isa = PBXGroup;
			children = (
				220626691A1E330400A45150 /* Images.xcassets */,
				665BFB8226FA8EE800E6F370 /* bg_images */,
				2206265D1A1E330400A45150 /* Info.plist */,
				2206265E1A1E330400A45150 /* main.m */,
			);
			name = "Supporting Files";
			sourceTree = "<group>";
		};
		6652F1631BEC6C5A001F9177 /* image */ = {
			isa = PBXGroup;
			children = (
				6658014D1C255923005AFBD3 /* mask@2x.png */,
			);
			name = image;
			sourceTree = "<group>";
		};
		665BFB8226FA8EE800E6F370 /* bg_images */ = {
			isa = PBXGroup;
			children = (
				66CB8B372A795F8D008B6F2D /* bg_iphone14_max.png */,
				6618E87F272C058D00CFC449 /* bg_iphone13.png */,
				66FB173F274E98D60096985A /* bg_iphone13_max.png */,
				660CC1F1258673D1007A8C5D /* bg_iphone12_max.png */,
				664CA43322C2450C0094DAD6 /* bg_iphonexr.png */,
				66F5BC821DB50CA90087A2BA /* bg_iphone5.png */,
				6698532C26FD06B500C798B0 /* bg_iphone12_mini.png */,
				66FA2DCE21622E1900E71F73 /* bg_iphonexs_max.png */,
				66B283F721CBB7C800BBF8E5 /* bg_iphone6.png */,
				664E33B2215F9DE700E21B45 /* bg_iphonexs.png */,
				662225C81CCBCA4E001BE988 /* bg_iphone6.png.bak */,
				66F5BC801DB50B0D0087A2BA /* bg_iphone6_plus.png */,
				665C04802547FC290050856B /* bg_iphone12.png */,
			);
			name = bg_images;
			sourceTree = "<group>";
		};
/* End PBXGroup section */

/* Begin PBXNativeTarget section */
		220626581A1E330400A45150 /* AVCam */ = {
			isa = PBXNativeTarget;
			buildConfigurationList = 2206267C1A1E330400A45150 /* Build configuration list for PBXNativeTarget "AVCam" */;
			buildPhases = (
				220626551A1E330400A45150 /* Sources */,
				220626561A1E330400A45150 /* Frameworks */,
				220626571A1E330400A45150 /* Resources */,
			);
			buildRules = (
			);
			dependencies = (
			);
			name = AVCam;
			productName = AVCam;
			productReference = 220626591A1E330400A45150 /* AVCam.app */;
			productType = "com.apple.product-type.application";
		};
/* End PBXNativeTarget section */

/* Begin PBXProject section */
		220626511A1E330400A45150 /* Project object */ = {
			isa = PBXProject;
			attributes = {
				LastUpgradeCheck = 1210;
				TargetAttributes = {
					220626581A1E330400A45150 = {
						CreatedOnToolsVersion = 6.1;
						DevelopmentTeam = ZWQWGRSN4T;
						ProvisioningStyle = Automatic;
					};
				};
			};
			buildConfigurationList = 220626541A1E330400A45150 /* Build configuration list for PBXProject "AVCam" */;
			compatibilityVersion = "Xcode 3.2";
			developmentRegion = English;
			hasScannedForEncodings = 0;
			knownRegions = (
				English,
				en,
				Base,
			);
			mainGroup = 220626501A1E330400A45150;
			productRefGroup = 2206265A1A1E330400A45150 /* Products */;
			projectDirPath = "";
			projectRoot = "";
			targets = (
				220626581A1E330400A45150 /* AVCam */,
			);
		};
/* End PBXProject section */

/* Begin PBXResourcesBuildPhase section */
		220626571A1E330400A45150 /* Resources */ = {
			isa = PBXResourcesBuildPhase;
			buildActionMask = 2147483647;
			files = (
				664E33B3215F9DE700E21B45 /* bg_iphonexs.png in Resources */,
				66FA2DCF21622E1900E71F73 /* bg_iphonexs_max.png in Resources */,
				66B283F821CBB7C800BBF8E5 /* bg_iphone6.png in Resources */,
				220626681A1E330400A45150 /* Main.storyboard in Resources */,
				66F5BC831DB50CA90087A2BA /* bg_iphone5.png in Resources */,
				660CC1F2258673D1007A8C5D /* bg_iphone12_max.png in Resources */,
				6658014E1C255923005AFBD3 /* mask@2x.png in Resources */,
				665C04812547FC290050856B /* bg_iphone12.png in Resources */,
				66F5BC811DB50B0D0087A2BA /* bg_iphone6_plus.png in Resources */,
				2206266A1A1E330400A45150 /* Images.xcassets in Resources */,
				662225C91CCBCA4E001BE988 /* bg_iphone6.png.bak in Resources */,
				66CB8B382A795F8E008B6F2D /* bg_iphone14_max.png in Resources */,
				6698532D26FD06B500C798B0 /* bg_iphone12_mini.png in Resources */,
				6618E880272C058D00CFC449 /* bg_iphone13.png in Resources */,
				664CA43422C2450C0094DAD6 /* bg_iphonexr.png in Resources */,
				66FB1740274E98D60096985A /* bg_iphone13_max.png in Resources */,
			);
			runOnlyForDeploymentPostprocessing = 0;
		};
/* End PBXResourcesBuildPhase section */

/* Begin PBXSourcesBuildPhase section */
		220626551A1E330400A45150 /* Sources */ = {
			isa = PBXSourcesBuildPhase;
			buildActionMask = 2147483647;
			files = (
				220626881A1E345E00A45150 /* AAPLAppDelegate.m in Sources */,
				2206265F1A1E330400A45150 /* main.m in Sources */,
				665801511C29150C005AFBD3 /* CaptureVideosViewController.m in Sources */,
				6658019E1C2C20F9005AFBD3 /* VideoPlayerViewController.m in Sources */,
				220626891A1E345E00A45150 /* AAPLPreviewView.m in Sources */,
				2206268A1A1E345E00A45150 /* AAPLCameraViewController.m in Sources */,
			);
			runOnlyForDeploymentPostprocessing = 0;
		};
/* End PBXSourcesBuildPhase section */

/* Begin PBXVariantGroup section */
		220626661A1E330400A45150 /* Main.storyboard */ = {
			isa = PBXVariantGroup;
			children = (
				220626671A1E330400A45150 /* Base */,
			);
			name = Main.storyboard;
			sourceTree = "<group>";
		};
/* End PBXVariantGroup section */

/* Begin XCBuildConfiguration section */
		2206267A1A1E330400A45150 /* Debug */ = {
			isa = XCBuildConfiguration;
			buildSettings = {
				ALWAYS_SEARCH_USER_PATHS = NO;
				CLANG_ANALYZER_LOCALIZABILITY_NONLOCALIZED = YES;
				CLANG_CXX_LANGUAGE_STANDARD = "gnu++0x";
				CLANG_CXX_LIBRARY = "libc++";
				CLANG_ENABLE_MODULES = YES;
				CLANG_ENABLE_OBJC_ARC = YES;
				CLANG_WARN_BLOCK_CAPTURE_AUTORELEASING = YES;
				CLANG_WARN_BOOL_CONVERSION = YES;
				CLANG_WARN_COMMA = YES;
				CLANG_WARN_CONSTANT_CONVERSION = YES;
				CLANG_WARN_DEPRECATED_OBJC_IMPLEMENTATIONS = YES;
				CLANG_WARN_DIRECT_OBJC_ISA_USAGE = YES_ERROR;
				CLANG_WARN_EMPTY_BODY = YES;
				CLANG_WARN_ENUM_CONVERSION = YES;
				CLANG_WARN_INFINITE_RECURSION = YES;
				CLANG_WARN_INT_CONVERSION = YES;
				CLANG_WARN_NON_LITERAL_NULL_CONVERSION = YES;
				CLANG_WARN_OBJC_IMPLICIT_RETAIN_SELF = YES;
				CLANG_WARN_OBJC_LITERAL_CONVERSION = YES;
				CLANG_WARN_OBJC_ROOT_CLASS = YES_ERROR;
				CLANG_WARN_QUOTED_INCLUDE_IN_FRAMEWORK_HEADER = YES;
				CLANG_WARN_RANGE_LOOP_ANALYSIS = YES;
				CLANG_WARN_STRICT_PROTOTYPES = YES;
				CLANG_WARN_SUSPICIOUS_MOVE = YES;
				CLANG_WARN_UNREACHABLE_CODE = YES;
				CLANG_WARN__DUPLICATE_METHOD_MATCH = YES;
				"CODE_SIGN_IDENTITY[sdk=iphoneos*]" = "iPhone Developer";
				COPY_PHASE_STRIP = NO;
				ENABLE_STRICT_OBJC_MSGSEND = YES;
				ENABLE_TESTABILITY = YES;
				GCC_C_LANGUAGE_STANDARD = gnu99;
				GCC_DYNAMIC_NO_PIC = NO;
				GCC_NO_COMMON_BLOCKS = YES;
				GCC_OPTIMIZATION_LEVEL = 0;
				GCC_PREPROCESSOR_DEFINITIONS = (
					"DEBUG=1",
					"$(inherited)",
				);
				GCC_SYMBOLS_PRIVATE_EXTERN = NO;
				GCC_WARN_64_TO_32_BIT_CONVERSION = YES;
				GCC_WARN_ABOUT_RETURN_TYPE = YES_ERROR;
				GCC_WARN_UNDECLARED_SELECTOR = YES;
				GCC_WARN_UNINITIALIZED_AUTOS = YES_AGGRESSIVE;
				GCC_WARN_UNUSED_FUNCTION = YES;
				GCC_WARN_UNUSED_VARIABLE = YES;
				IPHONEOS_DEPLOYMENT_TARGET = 14.4;
				MTL_ENABLE_DEBUG_INFO = YES;
				ONLY_ACTIVE_ARCH = YES;
				SDKROOT = iphoneos;
				TARGETED_DEVICE_FAMILY = "1,2";
			};
			name = Debug;
		};
		2206267B1A1E330400A45150 /* Release */ = {
			isa = XCBuildConfiguration;
			buildSettings = {
				ALWAYS_SEARCH_USER_PATHS = NO;
				CLANG_ANALYZER_LOCALIZABILITY_NONLOCALIZED = YES;
				CLANG_CXX_LANGUAGE_STANDARD = "gnu++0x";
				CLANG_CXX_LIBRARY = "libc++";
				CLANG_ENABLE_MODULES = YES;
				CLANG_ENABLE_OBJC_ARC = YES;
				CLANG_WARN_BLOCK_CAPTURE_AUTORELEASING = YES;
				CLANG_WARN_BOOL_CONVERSION = YES;
				CLANG_WARN_COMMA = YES;
				CLANG_WARN_CONSTANT_CONVERSION = YES;
				CLANG_WARN_DEPRECATED_OBJC_IMPLEMENTATIONS = YES;
				CLANG_WARN_DIRECT_OBJC_ISA_USAGE = YES_ERROR;
				CLANG_WARN_EMPTY_BODY = YES;
				CLANG_WARN_ENUM_CONVERSION = YES;
				CLANG_WARN_INFINITE_RECURSION = YES;
				CLANG_WARN_INT_CONVERSION = YES;
				CLANG_WARN_NON_LITERAL_NULL_CONVERSION = YES;
				CLANG_WARN_OBJC_IMPLICIT_RETAIN_SELF = YES;
				CLANG_WARN_OBJC_LITERAL_CONVERSION = YES;
				CLANG_WARN_OBJC_ROOT_CLASS = YES_ERROR;
				CLANG_WARN_QUOTED_INCLUDE_IN_FRAMEWORK_HEADER = YES;
				CLANG_WARN_RANGE_LOOP_ANALYSIS = YES;
				CLANG_WARN_STRICT_PROTOTYPES = YES;
				CLANG_WARN_SUSPICIOUS_MOVE = YES;
				CLANG_WARN_UNREACHABLE_CODE = YES;
				CLANG_WARN__DUPLICATE_METHOD_MATCH = YES;
				"CODE_SIGN_IDENTITY[sdk=iphoneos*]" = "iPhone Developer";
				COPY_PHASE_STRIP = YES;
				ENABLE_NS_ASSERTIONS = NO;
				ENABLE_STRICT_OBJC_MSGSEND = YES;
				GCC_C_LANGUAGE_STANDARD = gnu99;
				GCC_NO_COMMON_BLOCKS = YES;
				GCC_WARN_64_TO_32_BIT_CONVERSION = YES;
				GCC_WARN_ABOUT_RETURN_TYPE = YES_ERROR;
				GCC_WARN_UNDECLARED_SELECTOR = YES;
				GCC_WARN_UNINITIALIZED_AUTOS = YES_AGGRESSIVE;
				GCC_WARN_UNUSED_FUNCTION = YES;
				GCC_WARN_UNUSED_VARIABLE = YES;
				IPHONEOS_DEPLOYMENT_TARGET = 14.4;
				MTL_ENABLE_DEBUG_INFO = NO;
				SDKROOT = iphoneos;
				TARGETED_DEVICE_FAMILY = "1,2";
				VALIDATE_PRODUCT = YES;
			};
			name = Release;
		};
		2206267D1A1E330400A45150 /* Debug */ = {
			isa = XCBuildConfiguration;
			buildSettings = {
				ASSETCATALOG_COMPILER_APPICON_NAME = AppIcon;
				ASSETCATALOG_COMPILER_LAUNCHIMAGE_NAME = LaunchImage;
				CODE_SIGN_IDENTITY = "Apple Development";
				"CODE_SIGN_IDENTITY[sdk=iphoneos*]" = "iPhone Developer";
				CODE_SIGN_STYLE = Automatic;
				DEVELOPMENT_TEAM = ZWQWGRSN4T;
				INFOPLIST_FILE = AVCam/Info.plist;
				LD_RUNPATH_SEARCH_PATHS = "$(inherited) @executable_path/Frameworks";
				"OTHER_CODE_SIGN_FLAGS[sdk=*]" = "--generate-entitlement-der";
				PRODUCT_BUNDLE_IDENTIFIER = com.VHHC.AVCam;
				PRODUCT_NAME = "$(TARGET_NAME)";
				PROVISIONING_PROFILE = "";
				PROVISIONING_PROFILE_SPECIFIER = "";
				TARGETED_DEVICE_FAMILY = 1;
			};
			name = Debug;
		};
		2206267E1A1E330400A45150 /* Release */ = {
			isa = XCBuildConfiguration;
			buildSettings = {
				ASSETCATALOG_COMPILER_APPICON_NAME = AppIcon;
				ASSETCATALOG_COMPILER_LAUNCHIMAGE_NAME = LaunchImage;
				CODE_SIGN_IDENTITY = "Apple Development";
				"CODE_SIGN_IDENTITY[sdk=iphoneos*]" = "iPhone Developer";
				CODE_SIGN_STYLE = Automatic;
				DEVELOPMENT_TEAM = ZWQWGRSN4T;
				INFOPLIST_FILE = AVCam/Info.plist;
				LD_RUNPATH_SEARCH_PATHS = "$(inherited) @executable_path/Frameworks";
				PRODUCT_BUNDLE_IDENTIFIER = com.VHHC.AVCam;
				PRODUCT_NAME = "$(TARGET_NAME)";
				PROVISIONING_PROFILE = "";
				PROVISIONING_PROFILE_SPECIFIER = "";
				TARGETED_DEVICE_FAMILY = 1;
			};
			name = Release;
		};
/* End XCBuildConfiguration section */

/* Begin XCConfigurationList section */
		220626541A1E330400A45150 /* Build configuration list for PBXProject "AVCam" */ = {
			isa = XCConfigurationList;
			buildConfigurations = (
				2206267A1A1E330400A45150 /* Debug */,
				2206267B1A1E330400A45150 /* Release */,
			);
			defaultConfigurationIsVisible = 0;
			defaultConfigurationName = Release;
		};
		2206267C1A1E330400A45150 /* Build configuration list for PBXNativeTarget "AVCam" */ = {
			isa = XCConfigurationList;
			buildConfigurations = (
				2206267D1A1E330400A45150 /* Debug */,
				2206267E1A1E330400A45150 /* Release */,
			);
			defaultConfigurationIsVisible = 0;
			defaultConfigurationName = Release;
		};
/* End XCConfigurationList section */
	};
	rootObject = 220626511A1E330400A45150 /* Project object */;
}
